
Microsoft Visual Studio Solution File, Format Version 12.00
# Visual Studio 2013
VisualStudioVersion = 12.0.31101.0
MinimumVisualStudioVersion = 10.0.40219.1
Project("{FAE04EC0-301F-11D3-BF4B-00C04F79EFBC}") = "SnakeCSharp", "SnakeCSharp\SnakeCSharp.csproj", "{FA769E3E-A8A5-469C-B89F-8AF8C55C4C5A}"
EndProject
Global
	GlobalSection(SolutionConfigurationPlatforms) = preSolution
		Debug|Any CPU = Debug|Any CPU
		Release|Any CPU = Release|Any CPU
	EndGlobalSection
	GlobalSection(ProjectConfigurationPlatforms) = postSolution
		{FA769E3E-A8A5-469C-B89F-8AF8C55C4C5A}.Debug|Any CPU.ActiveCfg = Debug|Any CPU
		{FA769E3E-A8A5-469C-B89F-8AF8C55C4C5A}.Debug|Any CPU.Build.0 = Debug|Any CPU
		{FA769E3E-A8A5-469C-B89F-8AF8C55C4C5A}.Release|Any CPU.ActiveCfg = Release|Any CPU
		{FA769E3E-A8A5-469C-B89F-8AF8C55C4C5A}.Release|Any CPU.Build.0 = Release|Any CPU
	EndGlobalSection
	GlobalSection(SolutionProperties) = preSolution
		HideSolutionNode = FALSE
	EndGlobalSection
EndGlobal
